
Microsoft Visual Studio Solution File, Format Version 12.00
# Visual Studio 2013
VisualStudioVersion = 12.0.21005.1
MinimumVisualStudioVersion = 10.0.40219.1
Project("{FAE04EC0-301F-11D3-BF4B-00C04F79EFBC}") = "HtmlHelper3", "HtmlHelper3\HtmlHelper3.csproj", "{3CD667E2-F9B8-4314-9464-64A8DEADB1D1}"
EndProject
Global
	GlobalSection(SolutionConfigurationPlatforms) = preSolution
		Debug|Any CPU = Debug|Any CPU
		Release|Any CPU = Release|Any CPU
	EndGlobalSection
	GlobalSection(ProjectConfigurationPlatforms) = postSolution
		{3CD667E2-F9B8-4314-9464-64A8DEADB1D1}.Debug|Any CPU.ActiveCfg = Debug|Any CPU
		{3CD667E2-F9B8-4314-9464-64A8DEADB1D1}.Debug|Any CPU.Build.0 = Debug|Any CPU
		{3CD667E2-F9B8-4314-9464-64A8DEADB1D1}.Release|Any CPU.ActiveCfg = Release|Any CPU
		{3CD667E2-F9B8-4314-9464-64A8DEADB1D1}.Release|Any CPU.Build.0 = Release|Any CPU
	EndGlobalSection
	GlobalSection(SolutionProperties) = preSolution
		HideSolutionNode = FALSE
	EndGlobalSection
EndGlobal
