
Microsoft Visual Studio Solution File, Format Version 12.00
# Visual Studio 2013
VisualStudioVersion = 12.0.21005.1
MinimumVisualStudioVersion = 10.0.40219.1
Project("{FAE04EC0-301F-11D3-BF4B-00C04F79EFBC}") = "Queu_Collection", "Queu_Collection\Queu_Collection.csproj", "{372B899A-47A3-443C-BEB5-6F01F61C6986}"
EndProject
Global
	GlobalSection(SolutionConfigurationPlatforms) = preSolution
		Debug|Any CPU = Debug|Any CPU
		Release|Any CPU = Release|Any CPU
	EndGlobalSection
	GlobalSection(ProjectConfigurationPlatforms) = postSolution
		{372B899A-47A3-443C-BEB5-6F01F61C6986}.Debug|Any CPU.ActiveCfg = Debug|Any CPU
		{372B899A-47A3-443C-BEB5-6F01F61C6986}.Debug|Any CPU.Build.0 = Debug|Any CPU
		{372B899A-47A3-443C-BEB5-6F01F61C6986}.Release|Any CPU.ActiveCfg = Release|Any CPU
		{372B899A-47A3-443C-BEB5-6F01F61C6986}.Release|Any CPU.Build.0 = Release|Any CPU
	EndGlobalSection
	GlobalSection(SolutionProperties) = preSolution
		HideSolutionNode = FALSE
	EndGlobalSection
EndGlobal
