
Microsoft Visual Studio Solution File, Format Version 12.00
# Visual Studio 2013
VisualStudioVersion = 12.0.21005.1
MinimumVisualStudioVersion = 10.0.40219.1
Project("{FAE04EC0-301F-11D3-BF4B-00C04F79EFBC}") = "DatabaseFirst_Enumration", "DatabaseFirst_Enumration\DatabaseFirst_Enumration.csproj", "{ACA25D10-D979-4E15-BE75-6B51BC051BCD}"
EndProject
Global
	GlobalSection(SolutionConfigurationPlatforms) = preSolution
		Debug|Any CPU = Debug|Any CPU
		Release|Any CPU = Release|Any CPU
	EndGlobalSection
	GlobalSection(ProjectConfigurationPlatforms) = postSolution
		{ACA25D10-D979-4E15-BE75-6B51BC051BCD}.Debug|Any CPU.ActiveCfg = Debug|Any CPU
		{ACA25D10-D979-4E15-BE75-6B51BC051BCD}.Debug|Any CPU.Build.0 = Debug|Any CPU
		{ACA25D10-D979-4E15-BE75-6B51BC051BCD}.Release|Any CPU.ActiveCfg = Release|Any CPU
		{ACA25D10-D979-4E15-BE75-6B51BC051BCD}.Release|Any CPU.Build.0 = Release|Any CPU
	EndGlobalSection
	GlobalSection(SolutionProperties) = preSolution
		HideSolutionNode = FALSE
	EndGlobalSection
EndGlobal
