
Microsoft Visual Studio Solution File, Format Version 12.00
# Visual Studio 2013
VisualStudioVersion = 12.0.21005.1
MinimumVisualStudioVersion = 10.0.40219.1
Project("{FAE04EC0-301F-11D3-BF4B-00C04F79EFBC}") = "multidataAcessView", "multidataAcessView\multidataAcessView.csproj", "{00E5F778-12CA-4557-BD4D-79445723CEE1}"
EndProject
Global
	GlobalSection(SolutionConfigurationPlatforms) = preSolution
		Debug|Any CPU = Debug|Any CPU
		Release|Any CPU = Release|Any CPU
	EndGlobalSection
	GlobalSection(ProjectConfigurationPlatforms) = postSolution
		{00E5F778-12CA-4557-BD4D-79445723CEE1}.Debug|Any CPU.ActiveCfg = Debug|Any CPU
		{00E5F778-12CA-4557-BD4D-79445723CEE1}.Debug|Any CPU.Build.0 = Debug|Any CPU
		{00E5F778-12CA-4557-BD4D-79445723CEE1}.Release|Any CPU.ActiveCfg = Release|Any CPU
		{00E5F778-12CA-4557-BD4D-79445723CEE1}.Release|Any CPU.Build.0 = Release|Any CPU
	EndGlobalSection
	GlobalSection(SolutionProperties) = preSolution
		HideSolutionNode = FALSE
	EndGlobalSection
EndGlobal
