
Microsoft Visual Studio Solution File, Format Version 12.00
# Visual Studio 2013
VisualStudioVersion = 12.0.21005.1
MinimumVisualStudioVersion = 10.0.40219.1
Project("{FAE04EC0-301F-11D3-BF4B-00C04F79EFBC}") = "asp_demo", "asp_demo\asp_demo.csproj", "{A5946B07-0DBD-4946-BB31-2ACE1F7A8288}"
EndProject
Global
	GlobalSection(SolutionConfigurationPlatforms) = preSolution
		Debug|Any CPU = Debug|Any CPU
		Release|Any CPU = Release|Any CPU
	EndGlobalSection
	GlobalSection(ProjectConfigurationPlatforms) = postSolution
		{A5946B07-0DBD-4946-BB31-2ACE1F7A8288}.Debug|Any CPU.ActiveCfg = Debug|Any CPU
		{A5946B07-0DBD-4946-BB31-2ACE1F7A8288}.Debug|Any CPU.Build.0 = Debug|Any CPU
		{A5946B07-0DBD-4946-BB31-2ACE1F7A8288}.Release|Any CPU.ActiveCfg = Release|Any CPU
		{A5946B07-0DBD-4946-BB31-2ACE1F7A8288}.Release|Any CPU.Build.0 = Release|Any CPU
	EndGlobalSection
	GlobalSection(SolutionProperties) = preSolution
		HideSolutionNode = FALSE
	EndGlobalSection
EndGlobal
