
Microsoft Visual Studio Solution File, Format Version 12.00
# Visual Studio 2013
VisualStudioVersion = 12.0.21005.1
MinimumVisualStudioVersion = 10.0.40219.1
Project("{FAE04EC0-301F-11D3-BF4B-00C04F79EFBC}") = "Inserting_Data_to_Database", "Inserting_Data_to_Database\Inserting_Data_to_Database.csproj", "{DA902C4D-820C-4830-9C41-DA018DC16414}"
EndProject
Global
	GlobalSection(SolutionConfigurationPlatforms) = preSolution
		Debug|Any CPU = Debug|Any CPU
		Release|Any CPU = Release|Any CPU
	EndGlobalSection
	GlobalSection(ProjectConfigurationPlatforms) = postSolution
		{DA902C4D-820C-4830-9C41-DA018DC16414}.Debug|Any CPU.ActiveCfg = Debug|Any CPU
		{DA902C4D-820C-4830-9C41-DA018DC16414}.Debug|Any CPU.Build.0 = Debug|Any CPU
		{DA902C4D-820C-4830-9C41-DA018DC16414}.Release|Any CPU.ActiveCfg = Release|Any CPU
		{DA902C4D-820C-4830-9C41-DA018DC16414}.Release|Any CPU.Build.0 = Release|Any CPU
	EndGlobalSection
	GlobalSection(SolutionProperties) = preSolution
		HideSolutionNode = FALSE
	EndGlobalSection
EndGlobal
