
Microsoft Visual Studio Solution File, Format Version 12.00
# Visual Studio 2013
VisualStudioVersion = 12.0.21005.1
MinimumVisualStudioVersion = 10.0.40219.1
Project("{FAE04EC0-301F-11D3-BF4B-00C04F79EFBC}") = "NullReferenceException", "Try_Catch_Exeption\NullReferenceException.csproj", "{FF70527D-C72F-48EA-8402-70BAFFD462F6}"
EndProject
Global
	GlobalSection(SolutionConfigurationPlatforms) = preSolution
		Debug|Any CPU = Debug|Any CPU
		Release|Any CPU = Release|Any CPU
	EndGlobalSection
	GlobalSection(ProjectConfigurationPlatforms) = postSolution
		{FF70527D-C72F-48EA-8402-70BAFFD462F6}.Debug|Any CPU.ActiveCfg = Debug|Any CPU
		{FF70527D-C72F-48EA-8402-70BAFFD462F6}.Debug|Any CPU.Build.0 = Debug|Any CPU
		{FF70527D-C72F-48EA-8402-70BAFFD462F6}.Release|Any CPU.ActiveCfg = Release|Any CPU
		{FF70527D-C72F-48EA-8402-70BAFFD462F6}.Release|Any CPU.Build.0 = Release|Any CPU
	EndGlobalSection
	GlobalSection(SolutionProperties) = preSolution
		HideSolutionNode = FALSE
	EndGlobalSection
EndGlobal
